// !$*UTF8*$!
{
	archiveVersion = 1;
	classes = {
	};
	objectVersion = 55;
	objects = {

/* Begin PBXBuildFile section */
		8E5E0187277A1B95005E4E6D /* VStripeShape.swift in Sources */ = {isa = PBXBuildFile; fileRef = 8E5E0186277A1B95005E4E6D /* VStripeShape.swift */; };
		8E73FDD227743954009A75BE /* SharedStore.swift in Sources */ = {isa = PBXBuildFile; fileRef = 8E73FDD127743954009A75BE /* SharedStore.swift */; };
		8E73FDD327743954009A75BE /* SharedStore.swift in Sources */ = {isa = PBXBuildFile; fileRef = 8E73FDD127743954009A75BE /* SharedStore.swift */; };
		8E73FDD52774579B009A75BE /* DiamondShape.swift in Sources */ = {isa = PBXBuildFile; fileRef = 8E73FDD42774579B009A75BE /* DiamondShape.swift */; };
		8E73FDD62774579B009A75BE /* DiamondShape.swift in Sources */ = {isa = PBXBuildFile; fileRef = 8E73FDD42774579B009A75BE /* DiamondShape.swift */; };
		8E73FDE0277473AC009A75BE /* OvalShape.swift in Sources */ = {isa = PBXBuildFile; fileRef = 8E73FDDF277473AC009A75BE /* OvalShape.swift */; };
		8E73FDE1277473AC009A75BE /* OvalShape.swift in Sources */ = {isa = PBXBuildFile; fileRef = 8E73FDDF277473AC009A75BE /* OvalShape.swift */; };
		8E8DDEB027737BFC00B6A8CC /* SetGameApp.swift in Sources */ = {isa = PBXBuildFile; fileRef = 8E8DDEA027737BFB00B6A8CC /* SetGameApp.swift */; };
		8E8DDEB127737BFC00B6A8CC /* SetGameApp.swift in Sources */ = {isa = PBXBuildFile; fileRef = 8E8DDEA027737BFB00B6A8CC /* SetGameApp.swift */; };
		8E8DDEB227737BFC00B6A8CC /* ContentView.swift in Sources */ = {isa = PBXBuildFile; fileRef = 8E8DDEA127737BFB00B6A8CC /* ContentView.swift */; };
		8E8DDEB327737BFC00B6A8CC /* ContentView.swift in Sources */ = {isa = PBXBuildFile; fileRef = 8E8DDEA127737BFB00B6A8CC /* ContentView.swift */; };
		8E8DDEB427737BFC00B6A8CC /* Assets.xcassets in Resources */ = {isa = PBXBuildFile; fileRef = 8E8DDEA227737BFC00B6A8CC /* Assets.xcassets */; };
		8E8DDEB527737BFC00B6A8CC /* Assets.xcassets in Resources */ = {isa = PBXBuildFile; fileRef = 8E8DDEA227737BFC00B6A8CC /* Assets.xcassets */; };
		8E8DDEBF27737C9800B6A8CC /* AspectVGrid.swift in Sources */ = {isa = PBXBuildFile; fileRef = 8E8DDEBE27737C9800B6A8CC /* AspectVGrid.swift */; };
		8E8DDEC027737C9800B6A8CC /* AspectVGrid.swift in Sources */ = {isa = PBXBuildFile; fileRef = 8E8DDEBE27737C9800B6A8CC /* AspectVGrid.swift */; };
		8E8DDEC52773821000B6A8CC /* SetGameModel.swift in Sources */ = {isa = PBXBuildFile; fileRef = 8E8DDEC42773821000B6A8CC /* SetGameModel.swift */; };
		8E8DDEC62773821000B6A8CC /* SetGameModel.swift in Sources */ = {isa = PBXBuildFile; fileRef = 8E8DDEC42773821000B6A8CC /* SetGameModel.swift */; };
		8EB80F7527747930006A75D3 /* CardView.swift in Sources */ = {isa = PBXBuildFile; fileRef = 8EB80F7427747930006A75D3 /* CardView.swift */; };
		8EB80F7727747E85006A75D3 /* CardContent.swift in Sources */ = {isa = PBXBuildFile; fileRef = 8EB80F7627747E85006A75D3 /* CardContent.swift */; };
		8EB80F7927786E4D006A75D3 /* SquiggleShape.swift in Sources */ = {isa = PBXBuildFile; fileRef = 8EB80F7827786E4D006A75D3 /* SquiggleShape.swift */; };
/* End PBXBuildFile section */

/* Begin PBXFileReference section */
		8E5E0186277A1B95005E4E6D /* VStripeShape.swift */ = {isa = PBXFileReference; lastKnownFileType = sourcecode.swift; path = VStripeShape.swift; sourceTree = "<group>"; };
		8E73FDD127743954009A75BE /* SharedStore.swift */ = {isa = PBXFileReference; lastKnownFileType = sourcecode.swift; path = SharedStore.swift; sourceTree = "<group>"; };
		8E73FDD42774579B009A75BE /* DiamondShape.swift */ = {isa = PBXFileReference; lastKnownFileType = sourcecode.swift; path = DiamondShape.swift; sourceTree = "<group>"; };
		8E73FDDF277473AC009A75BE /* OvalShape.swift */ = {isa = PBXFileReference; lastKnownFileType = sourcecode.swift; path = OvalShape.swift; sourceTree = "<group>"; };
		8E8DDEA027737BFB00B6A8CC /* SetGameApp.swift */ = {isa = PBXFileReference; lastKnownFileType = sourcecode.swift; path = SetGameApp.swift; sourceTree = "<group>"; };
		8E8DDEA127737BFB00B6A8CC /* ContentView.swift */ = {isa = PBXFileReference; lastKnownFileType = sourcecode.swift; path = ContentView.swift; sourceTree = "<group>"; };
		8E8DDEA227737BFC00B6A8CC /* Assets.xcassets */ = {isa = PBXFileReference; lastKnownFileType = folder.assetcatalog; path = Assets.xcassets; sourceTree = "<group>"; };
		8E8DDEA727737BFC00B6A8CC /* SetGame.app */ = {isa = PBXFileReference; explicitFileType = wrapper.application; includeInIndex = 0; path = SetGame.app; sourceTree = BUILT_PRODUCTS_DIR; };
		8E8DDEAD27737BFC00B6A8CC /* SetGame.app */ = {isa = PBXFileReference; explicitFileType = wrapper.application; includeInIndex = 0; path = SetGame.app; sourceTree = BUILT_PRODUCTS_DIR; };
		8E8DDEBE27737C9800B6A8CC /* AspectVGrid.swift */ = {isa = PBXFileReference; lastKnownFileType = sourcecode.swift; path = AspectVGrid.swift; sourceTree = "<group>"; };
		8E8DDEC42773821000B6A8CC /* SetGameModel.swift */ = {isa = PBXFileReference; lastKnownFileType = sourcecode.swift; path = SetGameModel.swift; sourceTree = "<group>"; };
		8EB80F7427747930006A75D3 /* CardView.swift */ = {isa = PBXFileReference; lastKnownFileType = sourcecode.swift; path = CardView.swift; sourceTree = "<group>"; };
		8EB80F7627747E85006A75D3 /* CardContent.swift */ = {isa = PBXFileReference; lastKnownFileType = sourcecode.swift; path = CardContent.swift; sourceTree = "<group>"; };
		8EB80F7827786E4D006A75D3 /* SquiggleShape.swift */ = {isa = PBXFileReference; lastKnownFileType = sourcecode.swift; path = SquiggleShape.swift; sourceTree = "<group>"; };
/* End PBXFileReference section */

/* Begin PBXFrameworksBuildPhase section */
		8E8DDEA427737BFC00B6A8CC /* Frameworks */ = {
			isa = PBXFrameworksBuildPhase;
			buildActionMask = 2147483647;
			files = (
			);
			runOnlyForDeploymentPostprocessing = 0;
		};
		8E8DDEAA27737BFC00B6A8CC /* Frameworks */ = {
			isa = PBXFrameworksBuildPhase;
			buildActionMask = 2147483647;
			files = (
			);
			runOnlyForDeploymentPostprocessing = 0;
		};
/* End PBXFrameworksBuildPhase section */

/* Begin PBXGroup section */
		8E73FDD727745F62009A75BE /* Views */ = {
			isa = PBXGroup;
			children = (
				8E73FDE22774783B009A75BE /* Card */,
				8E73FDD827745F72009A75BE /* Shape */,
				8E8DDEBE27737C9800B6A8CC /* AspectVGrid.swift */,
			);
			path = Views;
			sourceTree = "<group>";
		};
		8E73FDD827745F72009A75BE /* Shape */ = {
			isa = PBXGroup;
			children = (
				8E73FDD42774579B009A75BE /* DiamondShape.swift */,
				8E73FDDF277473AC009A75BE /* OvalShape.swift */,
				8EB80F7827786E4D006A75D3 /* SquiggleShape.swift */,
				8E5E0186277A1B95005E4E6D /* VStripeShape.swift */,
			);
			path = Shape;
			sourceTree = "<group>";
		};
		8E73FDE22774783B009A75BE /* Card */ = {
			isa = PBXGroup;
			children = (
				8EB80F7427747930006A75D3 /* CardView.swift */,
				8EB80F7627747E85006A75D3 /* CardContent.swift */,
			);
			path = Card;
			sourceTree = "<group>";
		};
		8E8DDE9A27737BFB00B6A8CC = {
			isa = PBXGroup;
			children = (
				8E8DDE9F27737BFB00B6A8CC /* SetGame */,
				8E8DDEA827737BFC00B6A8CC /* Products */,
			);
			sourceTree = "<group>";
		};
		8E8DDE9F27737BFB00B6A8CC /* SetGame */ = {
			isa = PBXGroup;
			children = (
				8E8DDEA027737BFB00B6A8CC /* SetGameApp.swift */,
				8E8DDEC42773821000B6A8CC /* SetGameModel.swift */,
				8E73FDD727745F62009A75BE /* Views */,
				8E73FDD127743954009A75BE /* SharedStore.swift */,
				8E8DDEA127737BFB00B6A8CC /* ContentView.swift */,
				8E8DDEA227737BFC00B6A8CC /* Assets.xcassets */,
			);
			path = SetGame;
			sourceTree = "<group>";
		};
		8E8DDEA827737BFC00B6A8CC /* Products */ = {
			isa = PBXGroup;
			children = (
				8E8DDEA727737BFC00B6A8CC /* SetGame.app */,
				8E8DDEAD27737BFC00B6A8CC /* SetGame.app */,
			);
			name = Products;
			sourceTree = "<group>";
		};
/* End PBXGroup section */

/* Begin PBXNativeTarget section */
		8E8DDEA627737BFC00B6A8CC /* SetGame (iOS) */ = {
			isa = PBXNativeTarget;
			buildConfigurationList = 8E8DDEB827737BFC00B6A8CC /* Build configuration list for PBXNativeTarget "SetGame (iOS)" */;
			buildPhases = (
				8E8DDEA327737BFC00B6A8CC /* Sources */,
				8E8DDEA427737BFC00B6A8CC /* Frameworks */,
				8E8DDEA527737BFC00B6A8CC /* Resources */,
			);
			buildRules = (
			);
			dependencies = (
			);
			name = "SetGame (iOS)";
			productName = "SetGame (iOS)";
			productReference = 8E8DDEA727737BFC00B6A8CC /* SetGame.app */;
			productType = "com.apple.product-type.application";
		};
		8E8DDEAC27737BFC00B6A8CC /* SetGame (macOS) */ = {
			isa = PBXNativeTarget;
			buildConfigurationList = 8E8DDEBB27737BFC00B6A8CC /* Build configuration list for PBXNativeTarget "SetGame (macOS)" */;
			buildPhases = (
				8E8DDEA927737BFC00B6A8CC /* Sources */,
				8E8DDEAA27737BFC00B6A8CC /* Frameworks */,
				8E8DDEAB27737BFC00B6A8CC /* Resources */,
			);
			buildRules = (
			);
			dependencies = (
			);
			name = "SetGame (macOS)";
			productName = "SetGame (macOS)";
			productReference = 8E8DDEAD27737BFC00B6A8CC /* SetGame.app */;
			productType = "com.apple.product-type.application";
		};
/* End PBXNativeTarget section */

/* Begin PBXProject section */
		8E8DDE9B27737BFB00B6A8CC /* Project object */ = {
			isa = PBXProject;
			attributes = {
				BuildIndependentTargetsInParallel = 1;
				LastSwiftUpdateCheck = 1320;
				LastUpgradeCheck = 1320;
				TargetAttributes = {
					8E8DDEA627737BFC00B6A8CC = {
						CreatedOnToolsVersion = 13.2.1;
					};
					8E8DDEAC27737BFC00B6A8CC = {
						CreatedOnToolsVersion = 13.2.1;
					};
				};
			};
			buildConfigurationList = 8E8DDE9E27737BFB00B6A8CC /* Build configuration list for PBXProject "SetGame" */;
			compatibilityVersion = "Xcode 13.0";
			developmentRegion = en;
			hasScannedForEncodings = 0;
			knownRegions = (
				en,
				Base,
			);
			mainGroup = 8E8DDE9A27737BFB00B6A8CC;
			productRefGroup = 8E8DDEA827737BFC00B6A8CC /* Products */;
			projectDirPath = "";
			projectRoot = "";
			targets = (
				8E8DDEA627737BFC00B6A8CC /* SetGame (iOS) */,
				8E8DDEAC27737BFC00B6A8CC /* SetGame (macOS) */,
			);
		};
/* End PBXProject section */

/* Begin PBXResourcesBuildPhase section */
		8E8DDEA527737BFC00B6A8CC /* Resources */ = {
			isa = PBXResourcesBuildPhase;
			buildActionMask = 2147483647;
			files = (
				8E8DDEB427737BFC00B6A8CC /* Assets.xcassets in Resources */,
			);
			runOnlyForDeploymentPostprocessing = 0;
		};
		8E8DDEAB27737BFC00B6A8CC /* Resources */ = {
			isa = PBXResourcesBuildPhase;
			buildActionMask = 2147483647;
			files = (
				8E8DDEB527737BFC00B6A8CC /* Assets.xcassets in Resources */,
			);
			runOnlyForDeploymentPostprocessing = 0;
		};
/* End PBXResourcesBuildPhase section */

/* Begin PBXSourcesBuildPhase section */
		8E8DDEA327737BFC00B6A8CC /* Sources */ = {
			isa = PBXSourcesBuildPhase;
			buildActionMask = 2147483647;
			files = (
				8EB80F7927786E4D006A75D3 /* SquiggleShape.swift in Sources */,
				8E73FDE0277473AC009A75BE /* OvalShape.swift in Sources */,
				8E73FDD52774579B009A75BE /* DiamondShape.swift in Sources */,
				8E73FDD227743954009A75BE /* SharedStore.swift in Sources */,
				8EB80F7727747E85006A75D3 /* CardContent.swift in Sources */,
				8E8DDEB227737BFC00B6A8CC /* ContentView.swift in Sources */,
				8E8DDEC52773821000B6A8CC /* SetGameModel.swift in Sources */,
				8E8DDEB027737BFC00B6A8CC /* SetGameApp.swift in Sources */,
				8EB80F7527747930006A75D3 /* CardView.swift in Sources */,
				8E8DDEBF27737C9800B6A8CC /* AspectVGrid.swift in Sources */,
				8E5E0187277A1B95005E4E6D /* VStripeShape.swift in Sources */,
			);
			runOnlyForDeploymentPostprocessing = 0;
		};
		8E8DDEA927737BFC00B6A8CC /* Sources */ = {
			isa = PBXSourcesBuildPhase;
			buildActionMask = 2147483647;
			files = (
				8E73FDE1277473AC009A75BE /* OvalShape.swift in Sources */,
				8E73FDD62774579B009A75BE /* DiamondShape.swift in Sources */,
				8E73FDD327743954009A75BE /* SharedStore.swift in Sources */,
				8E8DDEB327737BFC00B6A8CC /* ContentView.swift in Sources */,
				8E8DDEC62773821000B6A8CC /* SetGameModel.swift in Sources */,
				8E8DDEB127737BFC00B6A8CC /* SetGameApp.swift in Sources */,
				8E8DDEC027737C9800B6A8CC /* AspectVGrid.swift in Sources */,
			);
			runOnlyForDeploymentPostprocessing = 0;
		};
/* End PBXSourcesBuildPhase section */

/* Begin XCBuildConfiguration section */
		8E8DDEB627737BFC00B6A8CC /* Debug */ = {
			isa = XCBuildConfiguration;
			buildSettings = {
				ALWAYS_SEARCH_USER_PATHS = NO;
				CLANG_ANALYZER_NONNULL = YES;
				CLANG_ANALYZER_NUMBER_OBJECT_CONVERSION = YES_AGGRESSIVE;
				CLANG_CXX_LANGUAGE_STANDARD = "gnu++17";
				CLANG_CXX_LIBRARY = "libc++";
				CLANG_ENABLE_MODULES = YES;
				CLANG_ENABLE_OBJC_ARC = YES;
				CLANG_ENABLE_OBJC_WEAK = YES;
				CLANG_WARN_BLOCK_CAPTURE_AUTORELEASING = YES;
				CLANG_WARN_BOOL_CONVERSION = YES;
				CLANG_WARN_COMMA = YES;
				CLANG_WARN_CONSTANT_CONVERSION = YES;
				CLANG_WARN_DEPRECATED_OBJC_IMPLEMENTATIONS = YES;
				CLANG_WARN_DIRECT_OBJC_ISA_USAGE = YES_ERROR;
				CLANG_WARN_DOCUMENTATION_COMMENTS = YES;
				CLANG_WARN_EMPTY_BODY = YES;
				CLANG_WARN_ENUM_CONVERSION = YES;
				CLANG_WARN_INFINITE_RECURSION = YES;
				CLANG_WARN_INT_CONVERSION = YES;
				CLANG_WARN_NON_LITERAL_NULL_CONVERSION = YES;
				CLANG_WARN_OBJC_IMPLICIT_RETAIN_SELF = YES;
				CLANG_WARN_OBJC_LITERAL_CONVERSION = YES;
				CLANG_WARN_OBJC_ROOT_CLASS = YES_ERROR;
				CLANG_WARN_QUOTED_INCLUDE_IN_FRAMEWORK_HEADER = YES;
				CLANG_WARN_RANGE_LOOP_ANALYSIS = YES;
				CLANG_WARN_STRICT_PROTOTYPES = YES;
				CLANG_WARN_SUSPICIOUS_MOVE = YES;
				CLANG_WARN_UNGUARDED_AVAILABILITY = YES_AGGRESSIVE;
				CLANG_WARN_UNREACHABLE_CODE = YES;
				CLANG_WARN__DUPLICATE_METHOD_MATCH = YES;
				COPY_PHASE_STRIP = NO;
				DEBUG_INFORMATION_FORMAT = dwarf;
				ENABLE_STRICT_OBJC_MSGSEND = YES;
				ENABLE_TESTABILITY = YES;
				GCC_C_LANGUAGE_STANDARD = gnu11;
				GCC_DYNAMIC_NO_PIC = NO;
				GCC_NO_COMMON_BLOCKS = YES;
				GCC_OPTIMIZATION_LEVEL = 0;
				GCC_PREPROCESSOR_DEFINITIONS = (
					"DEBUG=1",
					"$(inherited)",
				);
				GCC_WARN_64_TO_32_BIT_CONVERSION = YES;
				GCC_WARN_ABOUT_RETURN_TYPE = YES_ERROR;
				GCC_WARN_UNDECLARED_SELECTOR = YES;
				GCC_WARN_UNINITIALIZED_AUTOS = YES_AGGRESSIVE;
				GCC_WARN_UNUSED_FUNCTION = YES;
				GCC_WARN_UNUSED_VARIABLE = YES;
				MTL_ENABLE_DEBUG_INFO = INCLUDE_SOURCE;
				MTL_FAST_MATH = YES;
				ONLY_ACTIVE_ARCH = YES;
				SWIFT_ACTIVE_COMPILATION_CONDITIONS = DEBUG;
				SWIFT_OPTIMIZATION_LEVEL = "-Onone";
			};
			name = Debug;
		};
		8E8DDEB727737BFC00B6A8CC /* Release */ = {
			isa = XCBuildConfiguration;
			buildSettings = {
				ALWAYS_SEARCH_USER_PATHS = NO;
				CLANG_ANALYZER_NONNULL = YES;
				CLANG_ANALYZER_NUMBER_OBJECT_CONVERSION = YES_AGGRESSIVE;
				CLANG_CXX_LANGUAGE_STANDARD = "gnu++17";
				CLANG_CXX_LIBRARY = "libc++";
				CLANG_ENABLE_MODULES = YES;
				CLANG_ENABLE_OBJC_ARC = YES;
				CLANG_ENABLE_OBJC_WEAK = YES;
				CLANG_WARN_BLOCK_CAPTURE_AUTORELEASING = YES;
				CLANG_WARN_BOOL_CONVERSION = YES;
				CLANG_WARN_COMMA = YES;
				CLANG_WARN_CONSTANT_CONVERSION = YES;
				CLANG_WARN_DEPRECATED_OBJC_IMPLEMENTATIONS = YES;
				CLANG_WARN_DIRECT_OBJC_ISA_USAGE = YES_ERROR;
				CLANG_WARN_DOCUMENTATION_COMMENTS = YES;
				CLANG_WARN_EMPTY_BODY = YES;
				CLANG_WARN_ENUM_CONVERSION = YES;
				CLANG_WARN_INFINITE_RECURSION = YES;
				CLANG_WARN_INT_CONVERSION = YES;
				CLANG_WARN_NON_LITERAL_NULL_CONVERSION = YES;
				CLANG_WARN_OBJC_IMPLICIT_RETAIN_SELF = YES;
				CLANG_WARN_OBJC_LITERAL_CONVERSION = YES;
				CLANG_WARN_OBJC_ROOT_CLASS = YES_ERROR;
				CLANG_WARN_QUOTED_INCLUDE_IN_FRAMEWORK_HEADER = YES;
				CLANG_WARN_RANGE_LOOP_ANALYSIS = YES;
				CLANG_WARN_STRICT_PROTOTYPES = YES;
				CLANG_WARN_SUSPICIOUS_MOVE = YES;
				CLANG_WARN_UNGUARDED_AVAILABILITY = YES_AGGRESSIVE;
				CLANG_WARN_UNREACHABLE_CODE = YES;
				CLANG_WARN__DUPLICATE_METHOD_MATCH = YES;
				COPY_PHASE_STRIP = NO;
				DEBUG_INFORMATION_FORMAT = "dwarf-with-dsym";
				ENABLE_NS_ASSERTIONS = NO;
				ENABLE_STRICT_OBJC_MSGSEND = YES;
				GCC_C_LANGUAGE_STANDARD = gnu11;
				GCC_NO_COMMON_BLOCKS = YES;
				GCC_WARN_64_TO_32_BIT_CONVERSION = YES;
				GCC_WARN_ABOUT_RETURN_TYPE = YES_ERROR;
				GCC_WARN_UNDECLARED_SELECTOR = YES;
				GCC_WARN_UNINITIALIZED_AUTOS = YES_AGGRESSIVE;
				GCC_WARN_UNUSED_FUNCTION = YES;
				GCC_WARN_UNUSED_VARIABLE = YES;
				MTL_ENABLE_DEBUG_INFO = NO;
				MTL_FAST_MATH = YES;
				SWIFT_COMPILATION_MODE = wholemodule;
				SWIFT_OPTIMIZATION_LEVEL = "-O";
			};
			name = Release;
		};
		8E8DDEB927737BFC00B6A8CC /* Debug */ = {
			isa = XCBuildConfiguration;
			buildSettings = {
				ASSETCATALOG_COMPILER_APPICON_NAME = AppIcon;
				ASSETCATALOG_COMPILER_GLOBAL_ACCENT_COLOR_NAME = AccentColor;
				CODE_SIGN_STYLE = Automatic;
				CURRENT_PROJECT_VERSION = 1;
				DEVELOPMENT_TEAM = C7D44K58WA;
				ENABLE_PREVIEWS = YES;
				GENERATE_INFOPLIST_FILE = YES;
				INFOPLIST_KEY_UIApplicationSceneManifest_Generation = YES;
				INFOPLIST_KEY_UIApplicationSupportsIndirectInputEvents = YES;
				INFOPLIST_KEY_UILaunchScreen_Generation = YES;
				INFOPLIST_KEY_UISupportedInterfaceOrientations_iPad = "UIInterfaceOrientationPortrait UIInterfaceOrientationPortraitUpsideDown UIInterfaceOrientationLandscapeLeft UIInterfaceOrientationLandscapeRight";
				INFOPLIST_KEY_UISupportedInterfaceOrientations_iPhone = "UIInterfaceOrientationPortrait UIInterfaceOrientationLandscapeLeft UIInterfaceOrientationLandscapeRight";
				IPHONEOS_DEPLOYMENT_TARGET = 15.2;
				LD_RUNPATH_SEARCH_PATHS = (
					"$(inherited)",
					"@executable_path/Frameworks",
				);
				MARKETING_VERSION = 1.0;
				PRODUCT_BUNDLE_IDENTIFIER = me.yuexunjiang.SetGame;
				PRODUCT_NAME = SetGame;
				SDKROOT = iphoneos;
				SWIFT_EMIT_LOC_STRINGS = YES;
				SWIFT_VERSION = 5.0;
				TARGETED_DEVICE_FAMILY = "1,2";
			};
			name = Debug;
		};
		8E8DDEBA27737BFC00B6A8CC /* Release */ = {
			isa = XCBuildConfiguration;
			buildSettings = {
				ASSETCATALOG_COMPILER_APPICON_NAME = AppIcon;
				ASSETCATALOG_COMPILER_GLOBAL_ACCENT_COLOR_NAME = AccentColor;
				CODE_SIGN_STYLE = Automatic;
				CURRENT_PROJECT_VERSION = 1;
				DEVELOPMENT_TEAM = C7D44K58WA;
				ENABLE_PREVIEWS = YES;
				GENERATE_INFOPLIST_FILE = YES;
				INFOPLIST_KEY_UIApplicationSceneManifest_Generation = YES;
				INFOPLIST_KEY_UIApplicationSupportsIndirectInputEvents = YES;
				INFOPLIST_KEY_UILaunchScreen_Generation = YES;
				INFOPLIST_KEY_UISupportedInterfaceOrientations_iPad = "UIInterfaceOrientationPortrait UIInterfaceOrientationPortraitUpsideDown UIInterfaceOrientationLandscapeLeft UIInterfaceOrientationLandscapeRight";
				INFOPLIST_KEY_UISupportedInterfaceOrientations_iPhone = "UIInterfaceOrientationPortrait UIInterfaceOrientationLandscapeLeft UIInterfaceOrientationLandscapeRight";
				IPHONEOS_DEPLOYMENT_TARGET = 15.2;
				LD_RUNPATH_SEARCH_PATHS = (
					"$(inherited)",
					"@executable_path/Frameworks",
				);
				MARKETING_VERSION = 1.0;
				PRODUCT_BUNDLE_IDENTIFIER = me.yuexunjiang.SetGame;
				PRODUCT_NAME = SetGame;
				SDKROOT = iphoneos;
				SWIFT_EMIT_LOC_STRINGS = YES;
				SWIFT_VERSION = 5.0;
				TARGETED_DEVICE_FAMILY = "1,2";
				VALIDATE_PRODUCT = YES;
			};
			name = Release;
		};
		8E8DDEBC27737BFC00B6A8CC /* Debug */ = {
			isa = XCBuildConfiguration;
			buildSettings = {
				ASSETCATALOG_COMPILER_APPICON_NAME = AppIcon;
				ASSETCATALOG_COMPILER_GLOBAL_ACCENT_COLOR_NAME = AccentColor;
				CODE_SIGN_ENTITLEMENTS = macOS/macOS.entitlements;
				CODE_SIGN_STYLE = Automatic;
				COMBINE_HIDPI_IMAGES = YES;
				CURRENT_PROJECT_VERSION = 1;
				DEVELOPMENT_TEAM = C7D44K58WA;
				ENABLE_HARDENED_RUNTIME = YES;
				ENABLE_PREVIEWS = YES;
				GENERATE_INFOPLIST_FILE = YES;
				INFOPLIST_KEY_NSHumanReadableCopyright = "";
				LD_RUNPATH_SEARCH_PATHS = (
					"$(inherited)",
					"@executable_path/../Frameworks",
				);
				MACOSX_DEPLOYMENT_TARGET = 12.0;
				MARKETING_VERSION = 1.0;
				PRODUCT_BUNDLE_IDENTIFIER = me.yuexunjiang.SetGame;
				PRODUCT_NAME = SetGame;
				SDKROOT = macosx;
				SWIFT_EMIT_LOC_STRINGS = YES;
				SWIFT_VERSION = 5.0;
			};
			name = Debug;
		};
		8E8DDEBD27737BFC00B6A8CC /* Release */ = {
			isa = XCBuildConfiguration;
			buildSettings = {
				ASSETCATALOG_COMPILER_APPICON_NAME = AppIcon;
				ASSETCATALOG_COMPILER_GLOBAL_ACCENT_COLOR_NAME = AccentColor;
				CODE_SIGN_ENTITLEMENTS = macOS/macOS.entitlements;
				CODE_SIGN_STYLE = Automatic;
				COMBINE_HIDPI_IMAGES = YES;
				CURRENT_PROJECT_VERSION = 1;
				DEVELOPMENT_TEAM = C7D44K58WA;
				ENABLE_HARDENED_RUNTIME = YES;
				ENABLE_PREVIEWS = YES;
				GENERATE_INFOPLIST_FILE = YES;
				INFOPLIST_KEY_NSHumanReadableCopyright = "";
				LD_RUNPATH_SEARCH_PATHS = (
					"$(inherited)",
					"@executable_path/../Frameworks",
				);
				MACOSX_DEPLOYMENT_TARGET = 12.0;
				MARKETING_VERSION = 1.0;
				PRODUCT_BUNDLE_IDENTIFIER = me.yuexunjiang.SetGame;
				PRODUCT_NAME = SetGame;
				SDKROOT = macosx;
				SWIFT_EMIT_LOC_STRINGS = YES;
				SWIFT_VERSION = 5.0;
			};
			name = Release;
		};
/* End XCBuildConfiguration section */

/* Begin XCConfigurationList section */
		8E8DDE9E27737BFB00B6A8CC /* Build configuration list for PBXProject "SetGame" */ = {
			isa = XCConfigurationList;
			buildConfigurations = (
				8E8DDEB627737BFC00B6A8CC /* Debug */,
				8E8DDEB727737BFC00B6A8CC /* Release */,
			);
			defaultConfigurationIsVisible = 0;
			defaultConfigurationName = Release;
		};
		8E8DDEB827737BFC00B6A8CC /* Build configuration list for PBXNativeTarget "SetGame (iOS)" */ = {
			isa = XCConfigurationList;
			buildConfigurations = (
				8E8DDEB927737BFC00B6A8CC /* Debug */,
				8E8DDEBA27737BFC00B6A8CC /* Release */,
			);
			defaultConfigurationIsVisible = 0;
			defaultConfigurationName = Release;
		};
		8E8DDEBB27737BFC00B6A8CC /* Build configuration list for PBXNativeTarget "SetGame (macOS)" */ = {
			isa = XCConfigurationList;
			buildConfigurations = (
				8E8DDEBC27737BFC00B6A8CC /* Debug */,
				8E8DDEBD27737BFC00B6A8CC /* Release */,
			);
			defaultConfigurationIsVisible = 0;
			defaultConfigurationName = Release;
		};
/* End XCConfigurationList section */
	};
	rootObject = 8E8DDE9B27737BFB00B6A8CC /* Project object */;
}
